
Microsoft Visual Studio Solution File, Format Version 12.00
# Visual Studio 15
VisualStudioVersion = 15.0.27703.2042
MinimumVisualStudioVersion = 10.0.40219.1
Project("{FAE04EC0-301F-11D3-BF4B-00C04F79EFBC}") = "MagicWeaponShop", "MagicWeaponShop\MagicWeaponShop.csproj", "{017535F2-3AD3-4C69-A24F-828A5D2A6EEC}"
EndProject
Project("{FAE04EC0-301F-11D3-BF4B-00C04F79EFBC}") = "MagicWeaponShop.Tests", "MagicWeaponShop.Tests\MagicWeaponShop.Tests.csproj", "{37EC38C6-C4FB-4B73-81CC-3D7908D57D8F}"
EndProject
Global
	GlobalSection(SolutionConfigurationPlatforms) = preSolution
		Debug|Any CPU = Debug|Any CPU
		Release|Any CPU = Release|Any CPU
	EndGlobalSection
	GlobalSection(ProjectConfigurationPlatforms) = postSolution
		{017535F2-3AD3-4C69-A24F-828A5D2A6EEC}.Debug|Any CPU.ActiveCfg = Debug|Any CPU
		{017535F2-3AD3-4C69-A24F-828A5D2A6EEC}.Debug|Any CPU.Build.0 = Debug|Any CPU
		{017535F2-3AD3-4C69-A24F-828A5D2A6EEC}.Release|Any CPU.ActiveCfg = Release|Any CPU
		{017535F2-3AD3-4C69-A24F-828A5D2A6EEC}.Release|Any CPU.Build.0 = Release|Any CPU
		{37EC38C6-C4FB-4B73-81CC-3D7908D57D8F}.Debug|Any CPU.ActiveCfg = Debug|Any CPU
		{37EC38C6-C4FB-4B73-81CC-3D7908D57D8F}.Debug|Any CPU.Build.0 = Debug|Any CPU
		{37EC38C6-C4FB-4B73-81CC-3D7908D57D8F}.Release|Any CPU.ActiveCfg = Release|Any CPU
		{37EC38C6-C4FB-4B73-81CC-3D7908D57D8F}.Release|Any CPU.Build.0 = Release|Any CPU
	EndGlobalSection
	GlobalSection(SolutionProperties) = preSolution
		HideSolutionNode = FALSE
	EndGlobalSection
	GlobalSection(ExtensibilityGlobals) = postSolution
		SolutionGuid = {BEB609F3-07BE-4CD4-A2B0-3CE3454D80D5}
	EndGlobalSection
EndGlobal
